Microsoft Visual Studio Solution File, Format Version 12.00
# Visual Studio Version 17
VisualStudioVersion = 17.5.2.0
MinimumVisualStudioVersion = 10.0.40219.1
Project("{FAE04EC0-301F-11D3-BF4B-00C04F79EFBC}") = "TelemetryFlow", "TelemetryFlow.csproj", "{B5F5BE40-6839-BC51-972C-915D5132FBFC}"
EndProject
Global
	GlobalSection(SolutionConfigurationPlatforms) = preSolution
		Debug|Any CPU = Debug|Any CPU
		Release|Any CPU = Release|Any CPU
	EndGlobalSection
	GlobalSection(ProjectConfigurationPlatforms) = postSolution
		{B5F5BE40-6839-BC51-972C-915D5132FBFC}.Debug|Any CPU.ActiveCfg = Debug|Any CPU
		{B5F5BE40-6839-BC51-972C-915D5132FBFC}.Debug|Any CPU.Build.0 = Debug|Any CPU
		{B5F5BE40-6839-BC51-972C-915D5132FBFC}.Release|Any CPU.ActiveCfg = Release|Any CPU
		{B5F5BE40-6839-BC51-972C-915D5132FBFC}.Release|Any CPU.Build.0 = Release|Any CPU
	EndGlobalSection
	GlobalSection(SolutionProperties) = preSolution
		HideSolutionNode = FALSE
	EndGlobalSection
	GlobalSection(ExtensibilityGlobals) = postSolution
		SolutionGuid = {D489B8E0-EC90-4A5C-AA6E-DFF85B9C5909}
	EndGlobalSection
EndGlobal
